// !$*UTF8*$!
{
	archiveVersion = 1;
	classes = {
	};
	objectVersion = 50;
	objects = {

/* Begin PBXBuildFile section */
		2DE8E67158D88BA83D7D2DA5 /* Pods_JustGo_iOSTests.framework in Frameworks */ = {isa = PBXBuildFile; fileRef = F7BCC517D4B622C81638D3C4 /* Pods_JustGo_iOSTests.framework */; };
		5678496063BE2065A814FF2E /* Pods_JustGo_iOSUITests.framework in Frameworks */ = {isa = PBXBuildFile; fileRef = A084DA383D832FDCDCABD5E1 /* Pods_JustGo_iOSUITests.framework */; };
		6839D8C9228DA924002C1135 /* AppDelegate.swift in Sources */ = {isa = PBXBuildFile; fileRef = 6839D8C8228DA924002C1135 /* AppDelegate.swift */; };
		6839D8CB228DA924002C1135 /* MainVC.swift in Sources */ = {isa = PBXBuildFile; fileRef = 6839D8CA228DA924002C1135 /* MainVC.swift */; };
		6839D8CE228DA924002C1135 /* Main.storyboard in Resources */ = {isa = PBXBuildFile; fileRef = 6839D8CC228DA924002C1135 /* Main.storyboard */; };
		6839D8D1228DA924002C1135 /* JustGo_iOS.xcdatamodeld in Sources */ = {isa = PBXBuildFile; fileRef = 6839D8CF228DA924002C1135 /* JustGo_iOS.xcdatamodeld */; };
		6839D8D3228DA927002C1135 /* Assets.xcassets in Resources */ = {isa = PBXBuildFile; fileRef = 6839D8D2228DA927002C1135 /* Assets.xcassets */; };
		6839D8D6228DA927002C1135 /* LaunchScreen.storyboard in Resources */ = {isa = PBXBuildFile; fileRef = 6839D8D4228DA927002C1135 /* LaunchScreen.storyboard */; };
		6839D8E1228DA927002C1135 /* JustGo_iOSTests.swift in Sources */ = {isa = PBXBuildFile; fileRef = 6839D8E0228DA927002C1135 /* JustGo_iOSTests.swift */; };
		6839D8EC228DA927002C1135 /* JustGo_iOSUITests.swift in Sources */ = {isa = PBXBuildFile; fileRef = 6839D8EB228DA927002C1135 /* JustGo_iOSUITests.swift */; };
		6839D900228DA992002C1135 /* Connector.swift in Sources */ = {isa = PBXBuildFile; fileRef = 6839D8FF228DA992002C1135 /* Connector.swift */; };
		6839D902228DA99C002C1135 /* LoginViewModel.swift in Sources */ = {isa = PBXBuildFile; fileRef = 6839D901228DA99C002C1135 /* LoginViewModel.swift */; };
		6839D904228DA9A6002C1135 /* TokenModel.swift in Sources */ = {isa = PBXBuildFile; fileRef = 6839D903228DA9A6002C1135 /* TokenModel.swift */; };
		6839D906228DA9AF002C1135 /* Base.swift in Sources */ = {isa = PBXBuildFile; fileRef = 6839D905228DA9AF002C1135 /* Base.swift */; };
		96BB883BF21023F1E88655B2 /* Pods_JustGo_iOS.framework in Frameworks */ = {isa = PBXBuildFile; fileRef = 24F60D2D6C00A025C6D96B2C /* Pods_JustGo_iOS.framework */; };
/* End PBXBuildFile section */

/* Begin PBXContainerItemProxy section */
		6839D8DD228DA927002C1135 /* PBXContainerItemProxy */ = {
			isa = PBXContainerItemProxy;
			containerPortal = 6839D8BD228DA924002C1135 /* Project object */;
			proxyType = 1;
			remoteGlobalIDString = 6839D8C4228DA924002C1135;
			remoteInfo = "JustGo-iOS";
		};
		6839D8E8228DA927002C1135 /* PBXContainerItemProxy */ = {
			isa = PBXContainerItemProxy;
			containerPortal = 6839D8BD228DA924002C1135 /* Project object */;
			proxyType = 1;
			remoteGlobalIDString = 6839D8C4228DA924002C1135;
			remoteInfo = "JustGo-iOS";
		};
/* End PBXContainerItemProxy section */

/* Begin PBXFileReference section */
		1567C423B384A84953406AB5 /* Pods-JustGo-iOSUITests.debug.xcconfig */ = {isa = PBXFileReference; includeInIndex = 1; lastKnownFileType = text.xcconfig; name = "Pods-JustGo-iOSUITests.debug.xcconfig"; path = "Target Support Files/Pods-JustGo-iOSUITests/Pods-JustGo-iOSUITests.debug.xcconfig"; sourceTree = "<group>"; };
		24F60D2D6C00A025C6D96B2C /* Pods_JustGo_iOS.framework */ = {isa = PBXFileReference; explicitFileType = wrapper.framework; includeInIndex = 0; path = Pods_JustGo_iOS.framework; sourceTree = BUILT_PRODUCTS_DIR; };
		59DA12331F5C310D58E2A400 /* Pods-JustGo-iOSTests.release.xcconfig */ = {isa = PBXFileReference; includeInIndex = 1; lastKnownFileType = text.xcconfig; name = "Pods-JustGo-iOSTests.release.xcconfig"; path = "Target Support Files/Pods-JustGo-iOSTests/Pods-JustGo-iOSTests.release.xcconfig"; sourceTree = "<group>"; };
		64FAC38B0226B4185BAF3330 /* Pods-JustGo-iOS.release.xcconfig */ = {isa = PBXFileReference; includeInIndex = 1; lastKnownFileType = text.xcconfig; name = "Pods-JustGo-iOS.release.xcconfig"; path = "Target Support Files/Pods-JustGo-iOS/Pods-JustGo-iOS.release.xcconfig"; sourceTree = "<group>"; };
		6839D8C5228DA924002C1135 /* JustGo-iOS.app */ = {isa = PBXFileReference; explicitFileType = wrapper.application; includeInIndex = 0; path = "JustGo-iOS.app"; sourceTree = BUILT_PRODUCTS_DIR; };
		6839D8C8228DA924002C1135 /* AppDelegate.swift */ = {isa = PBXFileReference; lastKnownFileType = sourcecode.swift; path = AppDelegate.swift; sourceTree = "<group>"; };
		6839D8CA228DA924002C1135 /* MainVC.swift */ = {isa = PBXFileReference; lastKnownFileType = sourcecode.swift; path = MainVC.swift; sourceTree = "<group>"; };
		6839D8CD228DA924002C1135 /* Base */ = {isa = PBXFileReference; lastKnownFileType = file.storyboard; name = Base; path = Base.lproj/Main.storyboard; sourceTree = "<group>"; };
		6839D8D0228DA924002C1135 /* JustGo_iOS.xcdatamodel */ = {isa = PBXFileReference; lastKnownFileType = wrapper.xcdatamodel; path = JustGo_iOS.xcdatamodel; sourceTree = "<group>"; };
		6839D8D2228DA927002C1135 /* Assets.xcassets */ = {isa = PBXFileReference; lastKnownFileType = folder.assetcatalog; path = Assets.xcassets; sourceTree = "<group>"; };
		6839D8D5228DA927002C1135 /* Base */ = {isa = PBXFileReference; lastKnownFileType = file.storyboard; name = Base; path = Base.lproj/LaunchScreen.storyboard; sourceTree = "<group>"; };
		6839D8D7228DA927002C1135 /* Info.plist */ = {isa = PBXFileReference; lastKnownFileType = text.plist.xml; path = Info.plist; sourceTree = "<group>"; };
		6839D8DC228DA927002C1135 /* JustGo-iOSTests.xctest */ = {isa = PBXFileReference; explicitFileType = wrapper.cfbundle; includeInIndex = 0; path = "JustGo-iOSTests.xctest"; sourceTree = BUILT_PRODUCTS_DIR; };
		6839D8E0228DA927002C1135 /* JustGo_iOSTests.swift */ = {isa = PBXFileReference; lastKnownFileType = sourcecode.swift; path = JustGo_iOSTests.swift; sourceTree = "<group>"; };
		6839D8E2228DA927002C1135 /* Info.plist */ = {isa = PBXFileReference; lastKnownFileType = text.plist.xml; path = Info.plist; sourceTree = "<group>"; };
		6839D8E7228DA927002C1135 /* JustGo-iOSUITests.xctest */ = {isa = PBXFileReference; explicitFileType = wrapper.cfbundle; includeInIndex = 0; path = "JustGo-iOSUITests.xctest"; sourceTree = BUILT_PRODUCTS_DIR; };
		6839D8EB228DA927002C1135 /* JustGo_iOSUITests.swift */ = {isa = PBXFileReference; lastKnownFileType = sourcecode.swift; path = JustGo_iOSUITests.swift; sourceTree = "<group>"; };
		6839D8ED228DA927002C1135 /* Info.plist */ = {isa = PBXFileReference; lastKnownFileType = text.plist.xml; path = Info.plist; sourceTree = "<group>"; };
		6839D8FF228DA992002C1135 /* Connector.swift */ = {isa = PBXFileReference; lastKnownFileType = sourcecode.swift; path = Connector.swift; sourceTree = "<group>"; };
		6839D901228DA99C002C1135 /* LoginViewModel.swift */ = {isa = PBXFileReference; lastKnownFileType = sourcecode.swift; path = LoginViewModel.swift; sourceTree = "<group>"; };
		6839D903228DA9A6002C1135 /* TokenModel.swift */ = {isa = PBXFileReference; lastKnownFileType = sourcecode.swift; path = TokenModel.swift; sourceTree = "<group>"; };
		6839D905228DA9AF002C1135 /* Base.swift */ = {isa = PBXFileReference; lastKnownFileType = sourcecode.swift; path = Base.swift; sourceTree = "<group>"; };
		A084DA383D832FDCDCABD5E1 /* Pods_JustGo_iOSUITests.framework */ = {isa = PBXFileReference; explicitFileType = wrapper.framework; includeInIndex = 0; path = Pods_JustGo_iOSUITests.framework; sourceTree = BUILT_PRODUCTS_DIR; };
		B0435002116046C88BEC2AF2 /* Pods-JustGo-iOS.debug.xcconfig */ = {isa = PBXFileReference; includeInIndex = 1; lastKnownFileType = text.xcconfig; name = "Pods-JustGo-iOS.debug.xcconfig"; path = "Target Support Files/Pods-JustGo-iOS/Pods-JustGo-iOS.debug.xcconfig"; sourceTree = "<group>"; };
		DCD32BBDE57AB730515A8BDD /* Pods-JustGo-iOSUITests.release.xcconfig */ = {isa = PBXFileReference; includeInIndex = 1; lastKnownFileType = text.xcconfig; name = "Pods-JustGo-iOSUITests.release.xcconfig"; path = "Target Support Files/Pods-JustGo-iOSUITests/Pods-JustGo-iOSUITests.release.xcconfig"; sourceTree = "<group>"; };
		F7BCC517D4B622C81638D3C4 /* Pods_JustGo_iOSTests.framework */ = {isa = PBXFileReference; explicitFileType = wrapper.framework; includeInIndex = 0; path = Pods_JustGo_iOSTests.framework; sourceTree = BUILT_PRODUCTS_DIR; };
		F87BCFBB1B0982A3304B0CEC /* Pods-JustGo-iOSTests.debug.xcconfig */ = {isa = PBXFileReference; includeInIndex = 1; lastKnownFileType = text.xcconfig; name = "Pods-JustGo-iOSTests.debug.xcconfig"; path = "Target Support Files/Pods-JustGo-iOSTests/Pods-JustGo-iOSTests.debug.xcconfig"; sourceTree = "<group>"; };
/* End PBXFileReference section */

/* Begin PBXFrameworksBuildPhase section */
		6839D8C2228DA924002C1135 /* Frameworks */ = {
			isa = PBXFrameworksBuildPhase;
			buildActionMask = 2147483647;
			files = (
				96BB883BF21023F1E88655B2 /* Pods_JustGo_iOS.framework in Frameworks */,
			);
			runOnlyForDeploymentPostprocessing = 0;
		};
		6839D8D9228DA927002C1135 /* Frameworks */ = {
			isa = PBXFrameworksBuildPhase;
			buildActionMask = 2147483647;
			files = (
				2DE8E67158D88BA83D7D2DA5 /* Pods_JustGo_iOSTests.framework in Frameworks */,
			);
			runOnlyForDeploymentPostprocessing = 0;
		};
		6839D8E4228DA927002C1135 /* Frameworks */ = {
			isa = PBXFrameworksBuildPhase;
			buildActionMask = 2147483647;
			files = (
				5678496063BE2065A814FF2E /* Pods_JustGo_iOSUITests.framework in Frameworks */,
			);
			runOnlyForDeploymentPostprocessing = 0;
		};
/* End PBXFrameworksBuildPhase section */

/* Begin PBXGroup section */
		6839D8BC228DA924002C1135 = {
			isa = PBXGroup;
			children = (
				6839D8C7228DA924002C1135 /* JustGo-iOS */,
				6839D8DF228DA927002C1135 /* JustGo-iOSTests */,
				6839D8EA228DA927002C1135 /* JustGo-iOSUITests */,
				6839D8C6228DA924002C1135 /* Products */,
				E1E285AEA111B8E3C1C12605 /* Pods */,
				A165EC8CF5B64B7369A4BD34 /* Frameworks */,
			);
			sourceTree = "<group>";
		};
		6839D8C6228DA924002C1135 /* Products */ = {
			isa = PBXGroup;
			children = (
				6839D8C5228DA924002C1135 /* JustGo-iOS.app */,
				6839D8DC228DA927002C1135 /* JustGo-iOSTests.xctest */,
				6839D8E7228DA927002C1135 /* JustGo-iOSUITests.xctest */,
			);
			name = Products;
			sourceTree = "<group>";
		};
		6839D8C7228DA924002C1135 /* JustGo-iOS */ = {
			isa = PBXGroup;
			children = (
				6839D8FE228DA980002C1135 /* Util */,
				6839D8FD228DA956002C1135 /* Model */,
				6839D8FC228DA947002C1135 /* ViewModel */,
				6839D8FB228DA940002C1135 /* Network */,
				6839D8FA228DA939002C1135 /* ViewControllers */,
				6839D8F9228DA934002C1135 /* UI */,
				6839D8C8228DA924002C1135 /* AppDelegate.swift */,
				6839D8D2228DA927002C1135 /* Assets.xcassets */,
				6839D8D4228DA927002C1135 /* LaunchScreen.storyboard */,
				6839D8D7228DA927002C1135 /* Info.plist */,
				6839D8CF228DA924002C1135 /* JustGo_iOS.xcdatamodeld */,
			);
			path = "JustGo-iOS";
			sourceTree = "<group>";
		};
		6839D8DF228DA927002C1135 /* JustGo-iOSTests */ = {
			isa = PBXGroup;
			children = (
				6839D8E0228DA927002C1135 /* JustGo_iOSTests.swift */,
				6839D8E2228DA927002C1135 /* Info.plist */,
			);
			path = "JustGo-iOSTests";
			sourceTree = "<group>";
		};
		6839D8EA228DA927002C1135 /* JustGo-iOSUITests */ = {
			isa = PBXGroup;
			children = (
				6839D8EB228DA927002C1135 /* JustGo_iOSUITests.swift */,
				6839D8ED228DA927002C1135 /* Info.plist */,
			);
			path = "JustGo-iOSUITests";
			sourceTree = "<group>";
		};
		6839D8F9228DA934002C1135 /* UI */ = {
			isa = PBXGroup;
			children = (
				6839D8CC228DA924002C1135 /* Main.storyboard */,
			);
			path = UI;
			sourceTree = "<group>";
		};
		6839D8FA228DA939002C1135 /* ViewControllers */ = {
			isa = PBXGroup;
			children = (
				6839D8CA228DA924002C1135 /* MainVC.swift */,
			);
			path = ViewControllers;
			sourceTree = "<group>";
		};
		6839D8FB228DA940002C1135 /* Network */ = {
			isa = PBXGroup;
			children = (
				6839D8FF228DA992002C1135 /* Connector.swift */,
			);
			path = Network;
			sourceTree = "<group>";
		};
		6839D8FC228DA947002C1135 /* ViewModel */ = {
			isa = PBXGroup;
			children = (
				6839D901228DA99C002C1135 /* LoginViewModel.swift */,
			);
			path = ViewModel;
			sourceTree = "<group>";
		};
		6839D8FD228DA956002C1135 /* Model */ = {
			isa = PBXGroup;
			children = (
				6839D903228DA9A6002C1135 /* TokenModel.swift */,
			);
			path = Model;
			sourceTree = "<group>";
		};
		6839D8FE228DA980002C1135 /* Util */ = {
			isa = PBXGroup;
			children = (
				6839D905228DA9AF002C1135 /* Base.swift */,
			);
			path = Util;
			sourceTree = "<group>";
		};
		A165EC8CF5B64B7369A4BD34 /* Frameworks */ = {
			isa = PBXGroup;
			children = (
				24F60D2D6C00A025C6D96B2C /* Pods_JustGo_iOS.framework */,
				F7BCC517D4B622C81638D3C4 /* Pods_JustGo_iOSTests.framework */,
				A084DA383D832FDCDCABD5E1 /* Pods_JustGo_iOSUITests.framework */,
			);
			name = Frameworks;
			sourceTree = "<group>";
		};
		E1E285AEA111B8E3C1C12605 /* Pods */ = {
			isa = PBXGroup;
			children = (
				B0435002116046C88BEC2AF2 /* Pods-JustGo-iOS.debug.xcconfig */,
				64FAC38B0226B4185BAF3330 /* Pods-JustGo-iOS.release.xcconfig */,
				F87BCFBB1B0982A3304B0CEC /* Pods-JustGo-iOSTests.debug.xcconfig */,
				59DA12331F5C310D58E2A400 /* Pods-JustGo-iOSTests.release.xcconfig */,
				1567C423B384A84953406AB5 /* Pods-JustGo-iOSUITests.debug.xcconfig */,
				DCD32BBDE57AB730515A8BDD /* Pods-JustGo-iOSUITests.release.xcconfig */,
			);
			name = Pods;
			path = Pods;
			sourceTree = "<group>";
		};
/* End PBXGroup section */

/* Begin PBXNativeTarget section */
		6839D8C4228DA924002C1135 /* JustGo-iOS */ = {
			isa = PBXNativeTarget;
			buildConfigurationList = 6839D8F0228DA927002C1135 /* Build configuration list for PBXNativeTarget "JustGo-iOS" */;
			buildPhases = (
				2C10B5FE1E085D18B8A317DE /* [CP] Check Pods Manifest.lock */,
				6839D8C1228DA924002C1135 /* Sources */,
				6839D8C2228DA924002C1135 /* Frameworks */,
				6839D8C3228DA924002C1135 /* Resources */,
				08C9ADE4E1D053EC82EC1C92 /* [CP] Embed Pods Frameworks */,
			);
			buildRules = (
			);
			dependencies = (
			);
			name = "JustGo-iOS";
			productName = "JustGo-iOS";
			productReference = 6839D8C5228DA924002C1135 /* JustGo-iOS.app */;
			productType = "com.apple.product-type.application";
		};
		6839D8DB228DA927002C1135 /* JustGo-iOSTests */ = {
			isa = PBXNativeTarget;
			buildConfigurationList = 6839D8F3228DA927002C1135 /* Build configuration list for PBXNativeTarget "JustGo-iOSTests" */;
			buildPhases = (
				29A27D97BF5B02A34ADCD1F6 /* [CP] Check Pods Manifest.lock */,
				6839D8D8228DA927002C1135 /* Sources */,
				6839D8D9228DA927002C1135 /* Frameworks */,
				6839D8DA228DA927002C1135 /* Resources */,
			);
			buildRules = (
			);
			dependencies = (
				6839D8DE228DA927002C1135 /* PBXTargetDependency */,
			);
			name = "JustGo-iOSTests";
			productName = "JustGo-iOSTests";
			productReference = 6839D8DC228DA927002C1135 /* JustGo-iOSTests.xctest */;
			productType = "com.apple.product-type.bundle.unit-test";
		};
		6839D8E6228DA927002C1135 /* JustGo-iOSUITests */ = {
			isa = PBXNativeTarget;
			buildConfigurationList = 6839D8F6228DA927002C1135 /* Build configuration list for PBXNativeTarget "JustGo-iOSUITests" */;
			buildPhases = (
				44D3384CAF8BF275F446F7EF /* [CP] Check Pods Manifest.lock */,
				6839D8E3228DA927002C1135 /* Sources */,
				6839D8E4228DA927002C1135 /* Frameworks */,
				6839D8E5228DA927002C1135 /* Resources */,
			);
			buildRules = (
			);
			dependencies = (
				6839D8E9228DA927002C1135 /* PBXTargetDependency */,
			);
			name = "JustGo-iOSUITests";
			productName = "JustGo-iOSUITests";
			productReference = 6839D8E7228DA927002C1135 /* JustGo-iOSUITests.xctest */;
			productType = "com.apple.product-type.bundle.ui-testing";
		};
/* End PBXNativeTarget section */

/* Begin PBXProject section */
		6839D8BD228DA924002C1135 /* Project object */ = {
			isa = PBXProject;
			attributes = {
				LastSwiftUpdateCheck = 1010;
				LastUpgradeCheck = 1010;
				ORGANIZATIONNAME = "조우진";
				TargetAttributes = {
					6839D8C4228DA924002C1135 = {
						CreatedOnToolsVersion = 10.1;
					};
					6839D8DB228DA927002C1135 = {
						CreatedOnToolsVersion = 10.1;
						TestTargetID = 6839D8C4228DA924002C1135;
					};
					6839D8E6228DA927002C1135 = {
						CreatedOnToolsVersion = 10.1;
						TestTargetID = 6839D8C4228DA924002C1135;
					};
				};
			};
			buildConfigurationList = 6839D8C0228DA924002C1135 /* Build configuration list for PBXProject "JustGo-iOS" */;
			compatibilityVersion = "Xcode 9.3";
			developmentRegion = en;
			hasScannedForEncodings = 0;
			knownRegions = (
				en,
				Base,
			);
			mainGroup = 6839D8BC228DA924002C1135;
			productRefGroup = 6839D8C6228DA924002C1135 /* Products */;
			projectDirPath = "";
			projectRoot = "";
			targets = (
				6839D8C4228DA924002C1135 /* JustGo-iOS */,
				6839D8DB228DA927002C1135 /* JustGo-iOSTests */,
				6839D8E6228DA927002C1135 /* JustGo-iOSUITests */,
			);
		};
/* End PBXProject section */

/* Begin PBXResourcesBuildPhase section */
		6839D8C3228DA924002C1135 /* Resources */ = {
			isa = PBXResourcesBuildPhase;
			buildActionMask = 2147483647;
			files = (
				6839D8D6228DA927002C1135 /* LaunchScreen.storyboard in Resources */,
				6839D8D3228DA927002C1135 /* Assets.xcassets in Resources */,
				6839D8CE228DA924002C1135 /* Main.storyboard in Resources */,
			);
			runOnlyForDeploymentPostprocessing = 0;
		};
		6839D8DA228DA927002C1135 /* Resources */ = {
			isa = PBXResourcesBuildPhase;
			buildActionMask = 2147483647;
			files = (
			);
			runOnlyForDeploymentPostprocessing = 0;
		};
		6839D8E5228DA927002C1135 /* Resources */ = {
			isa = PBXResourcesBuildPhase;
			buildActionMask = 2147483647;
			files = (
			);
			runOnlyForDeploymentPostprocessing = 0;
		};
/* End PBXResourcesBuildPhase section */

/* Begin PBXShellScriptBuildPhase section */
		08C9ADE4E1D053EC82EC1C92 /* [CP] Embed Pods Frameworks */ = {
			isa = PBXShellScriptBuildPhase;
			buildActionMask = 2147483647;
			files = (
			);
			inputFileListPaths = (
				"${PODS_ROOT}/Target Support Files/Pods-JustGo-iOS/Pods-JustGo-iOS-frameworks-${CONFIGURATION}-input-files.xcfilelist",
			);
			name = "[CP] Embed Pods Frameworks";
			outputFileListPaths = (
				"${PODS_ROOT}/Target Support Files/Pods-JustGo-iOS/Pods-JustGo-iOS-frameworks-${CONFIGURATION}-output-files.xcfilelist",
			);
			runOnlyForDeploymentPostprocessing = 0;
			shellPath = /bin/sh;
			shellScript = "\"${PODS_ROOT}/Target Support Files/Pods-JustGo-iOS/Pods-JustGo-iOS-frameworks.sh\"\n";
			showEnvVarsInLog = 0;
		};
		29A27D97BF5B02A34ADCD1F6 /* [CP] Check Pods Manifest.lock */ = {
			isa = PBXShellScriptBuildPhase;
			buildActionMask = 2147483647;
			files = (
			);
			inputFileListPaths = (
			);
			inputPaths = (
				"${PODS_PODFILE_DIR_PATH}/Podfile.lock",
				"${PODS_ROOT}/Manifest.lock",
			);
			name = "[CP] Check Pods Manifest.lock";
			outputFileListPaths = (
			);
			outputPaths = (
				"$(DERIVED_FILE_DIR)/Pods-JustGo-iOSTests-checkManifestLockResult.txt",
			);
			runOnlyForDeploymentPostprocessing = 0;
			shellPath = /bin/sh;
			shellScript = "diff \"${PODS_PODFILE_DIR_PATH}/Podfile.lock\" \"${PODS_ROOT}/Manifest.lock\" > /dev/null\nif [ $? != 0 ] ; then\n    # print error to STDERR\n    echo \"error: The sandbox is not in sync with the Podfile.lock. Run 'pod install' or update your CocoaPods installation.\" >&2\n    exit 1\nfi\n# This output is used by Xcode 'outputs' to avoid re-running this script phase.\necho \"SUCCESS\" > \"${SCRIPT_OUTPUT_FILE_0}\"\n";
			showEnvVarsInLog = 0;
		};
		2C10B5FE1E085D18B8A317DE /* [CP] Check Pods Manifest.lock */ = {
			isa = PBXShellScriptBuildPhase;
			buildActionMask = 2147483647;
			files = (
			);
			inputFileListPaths = (
			);
			inputPaths = (
				"${PODS_PODFILE_DIR_PATH}/Podfile.lock",
				"${PODS_ROOT}/Manifest.lock",
			);
			name = "[CP] Check Pods Manifest.lock";
			outputFileListPaths = (
			);
			outputPaths = (
				"$(DERIVED_FILE_DIR)/Pods-JustGo-iOS-checkManifestLockResult.txt",
			);
			runOnlyForDeploymentPostprocessing = 0;
			shellPath = /bin/sh;
			shellScript = "diff \"${PODS_PODFILE_DIR_PATH}/Podfile.lock\" \"${PODS_ROOT}/Manifest.lock\" > /dev/null\nif [ $? != 0 ] ; then\n    # print error to STDERR\n    echo \"error: The sandbox is not in sync with the Podfile.lock. Run 'pod install' or update your CocoaPods installation.\" >&2\n    exit 1\nfi\n# This output is used by Xcode 'outputs' to avoid re-running this script phase.\necho \"SUCCESS\" > \"${SCRIPT_OUTPUT_FILE_0}\"\n";
			showEnvVarsInLog = 0;
		};
		44D3384CAF8BF275F446F7EF /* [CP] Check Pods Manifest.lock */ = {
			isa = PBXShellScriptBuildPhase;
			buildActionMask = 2147483647;
			files = (
			);
			inputFileListPaths = (
			);
			inputPaths = (
				"${PODS_PODFILE_DIR_PATH}/Podfile.lock",
				"${PODS_ROOT}/Manifest.lock",
			);
			name = "[CP] Check Pods Manifest.lock";
			outputFileListPaths = (
			);
			outputPaths = (
				"$(DERIVED_FILE_DIR)/Pods-JustGo-iOSUITests-checkManifestLockResult.txt",
			);
			runOnlyForDeploymentPostprocessing = 0;
			shellPath = /bin/sh;
			shellScript = "diff \"${PODS_PODFILE_DIR_PATH}/Podfile.lock\" \"${PODS_ROOT}/Manifest.lock\" > /dev/null\nif [ $? != 0 ] ; then\n    # print error to STDERR\n    echo \"error: The sandbox is not in sync with the Podfile.lock. Run 'pod install' or update your CocoaPods installation.\" >&2\n    exit 1\nfi\n# This output is used by Xcode 'outputs' to avoid re-running this script phase.\necho \"SUCCESS\" > \"${SCRIPT_OUTPUT_FILE_0}\"\n";
			showEnvVarsInLog = 0;
		};
/* End PBXShellScriptBuildPhase section */

/* Begin PBXSourcesBuildPhase section */
		6839D8C1228DA924002C1135 /* Sources */ = {
			isa = PBXSourcesBuildPhase;
			buildActionMask = 2147483647;
			files = (
				6839D8CB228DA924002C1135 /* MainVC.swift in Sources */,
				6839D904228DA9A6002C1135 /* TokenModel.swift in Sources */,
				6839D900228DA992002C1135 /* Connector.swift in Sources */,
				6839D8C9228DA924002C1135 /* AppDelegate.swift in Sources */,
				6839D902228DA99C002C1135 /* LoginViewModel.swift in Sources */,
				6839D906228DA9AF002C1135 /* Base.swift in Sources */,
				6839D8D1228DA924002C1135 /* JustGo_iOS.xcdatamodeld in Sources */,
			);
			runOnlyForDeploymentPostprocessing = 0;
		};
		6839D8D8228DA927002C1135 /* Sources */ = {
			isa = PBXSourcesBuildPhase;
			buildActionMask = 2147483647;
			files = (
				6839D8E1228DA927002C1135 /* JustGo_iOSTests.swift in Sources */,
			);
			runOnlyForDeploymentPostprocessing = 0;
		};
		6839D8E3228DA927002C1135 /* Sources */ = {
			isa = PBXSourcesBuildPhase;
			buildActionMask = 2147483647;
			files = (
				6839D8EC228DA927002C1135 /* JustGo_iOSUITests.swift in Sources */,
			);
			runOnlyForDeploymentPostprocessing = 0;
		};
/* End PBXSourcesBuildPhase section */

/* Begin PBXTargetDependency section */
		6839D8DE228DA927002C1135 /* PBXTargetDependency */ = {
			isa = PBXTargetDependency;
			target = 6839D8C4228DA924002C1135 /* JustGo-iOS */;
			targetProxy = 6839D8DD228DA927002C1135 /* PBXContainerItemProxy */;
		};
		6839D8E9228DA927002C1135 /* PBXTargetDependency */ = {
			isa = PBXTargetDependency;
			target = 6839D8C4228DA924002C1135 /* JustGo-iOS */;
			targetProxy = 6839D8E8228DA927002C1135 /* PBXContainerItemProxy */;
		};
/* End PBXTargetDependency section */

/* Begin PBXVariantGroup section */
		6839D8CC228DA924002C1135 /* Main.storyboard */ = {
			isa = PBXVariantGroup;
			children = (
				6839D8CD228DA924002C1135 /* Base */,
			);
			name = Main.storyboard;
			sourceTree = "<group>";
		};
		6839D8D4228DA927002C1135 /* LaunchScreen.storyboard */ = {
			isa = PBXVariantGroup;
			children = (
				6839D8D5228DA927002C1135 /* Base */,
			);
			name = LaunchScreen.storyboard;
			sourceTree = "<group>";
		};
/* End PBXVariantGroup section */

/* Begin XCBuildConfiguration section */
		6839D8EE228DA927002C1135 /* Debug */ = {
			isa = XCBuildConfiguration;
			buildSettings = {
				ALWAYS_SEARCH_USER_PATHS = NO;
				CLANG_ANALYZER_NONNULL = YES;
				CLANG_ANALYZER_NUMBER_OBJECT_CONVERSION = YES_AGGRESSIVE;
				CLANG_CXX_LANGUAGE_STANDARD = "gnu++14";
				CLANG_CXX_LIBRARY = "libc++";
				CLANG_ENABLE_MODULES = YES;
				CLANG_ENABLE_OBJC_ARC = YES;
				CLANG_ENABLE_OBJC_WEAK = YES;
				CLANG_WARN_BLOCK_CAPTURE_AUTORELEASING = YES;
				CLANG_WARN_BOOL_CONVERSION = YES;
				CLANG_WARN_COMMA = YES;
				CLANG_WARN_CONSTANT_CONVERSION = YES;
				CLANG_WARN_DEPRECATED_OBJC_IMPLEMENTATIONS = YES;
				CLANG_WARN_DIRECT_OBJC_ISA_USAGE = YES_ERROR;
				CLANG_WARN_DOCUMENTATION_COMMENTS = YES;
				CLANG_WARN_EMPTY_BODY = YES;
				CLANG_WARN_ENUM_CONVERSION = YES;
				CLANG_WARN_INFINITE_RECURSION = YES;
				CLANG_WARN_INT_CONVERSION = YES;
				CLANG_WARN_NON_LITERAL_NULL_CONVERSION = YES;
				CLANG_WARN_OBJC_IMPLICIT_RETAIN_SELF = YES;
				CLANG_WARN_OBJC_LITERAL_CONVERSION = YES;
				CLANG_WARN_OBJC_ROOT_CLASS = YES_ERROR;
				CLANG_WARN_RANGE_LOOP_ANALYSIS = YES;
				CLANG_WARN_STRICT_PROTOTYPES = YES;
				CLANG_WARN_SUSPICIOUS_MOVE = YES;
				CLANG_WARN_UNGUARDED_AVAILABILITY = YES_AGGRESSIVE;
				CLANG_WARN_UNREACHABLE_CODE = YES;
				CLANG_WARN__DUPLICATE_METHOD_MATCH = YES;
				CODE_SIGN_IDENTITY = "iPhone Developer";
				COPY_PHASE_STRIP = NO;
				DEBUG_INFORMATION_FORMAT = dwarf;
				ENABLE_STRICT_OBJC_MSGSEND = YES;
				ENABLE_TESTABILITY = YES;
				GCC_C_LANGUAGE_STANDARD = gnu11;
				GCC_DYNAMIC_NO_PIC = NO;
				GCC_NO_COMMON_BLOCKS = YES;
				GCC_OPTIMIZATION_LEVEL = 0;
				GCC_PREPROCESSOR_DEFINITIONS = (
					"DEBUG=1",
					"$(inherited)",
				);
				GCC_WARN_64_TO_32_BIT_CONVERSION = YES;
				GCC_WARN_ABOUT_RETURN_TYPE = YES_ERROR;
				GCC_WARN_UNDECLARED_SELECTOR = YES;
				GCC_WARN_UNINITIALIZED_AUTOS = YES_AGGRESSIVE;
				GCC_WARN_UNUSED_FUNCTION = YES;
				GCC_WARN_UNUSED_VARIABLE = YES;
				IPHONEOS_DEPLOYMENT_TARGET = 12.1;
				MTL_ENABLE_DEBUG_INFO = INCLUDE_SOURCE;
				MTL_FAST_MATH = YES;
				ONLY_ACTIVE_ARCH = YES;
				SDKROOT = iphoneos;
				SWIFT_ACTIVE_COMPILATION_CONDITIONS = DEBUG;
				SWIFT_OPTIMIZATION_LEVEL = "-Onone";
			};
			name = Debug;
		};
		6839D8EF228DA927002C1135 /* Release */ = {
			isa = XCBuildConfiguration;
			buildSettings = {
				ALWAYS_SEARCH_USER_PATHS = NO;
				CLANG_ANALYZER_NONNULL = YES;
				CLANG_ANALYZER_NUMBER_OBJECT_CONVERSION = YES_AGGRESSIVE;
				CLANG_CXX_LANGUAGE_STANDARD = "gnu++14";
				CLANG_CXX_LIBRARY = "libc++";
				CLANG_ENABLE_MODULES = YES;
				CLANG_ENABLE_OBJC_ARC = YES;
				CLANG_ENABLE_OBJC_WEAK = YES;
				CLANG_WARN_BLOCK_CAPTURE_AUTORELEASING = YES;
				CLANG_WARN_BOOL_CONVERSION = YES;
				CLANG_WARN_COMMA = YES;
				CLANG_WARN_CONSTANT_CONVERSION = YES;
				CLANG_WARN_DEPRECATED_OBJC_IMPLEMENTATIONS = YES;
				CLANG_WARN_DIRECT_OBJC_ISA_USAGE = YES_ERROR;
				CLANG_WARN_DOCUMENTATION_COMMENTS = YES;
				CLANG_WARN_EMPTY_BODY = YES;
				CLANG_WARN_ENUM_CONVERSION = YES;
				CLANG_WARN_INFINITE_RECURSION = YES;
				CLANG_WARN_INT_CONVERSION = YES;
				CLANG_WARN_NON_LITERAL_NULL_CONVERSION = YES;
				CLANG_WARN_OBJC_IMPLICIT_RETAIN_SELF = YES;
				CLANG_WARN_OBJC_LITERAL_CONVERSION = YES;
				CLANG_WARN_OBJC_ROOT_CLASS = YES_ERROR;
				CLANG_WARN_RANGE_LOOP_ANALYSIS = YES;
				CLANG_WARN_STRICT_PROTOTYPES = YES;
				CLANG_WARN_SUSPICIOUS_MOVE = YES;
				CLANG_WARN_UNGUARDED_AVAILABILITY = YES_AGGRESSIVE;
				CLANG_WARN_UNREACHABLE_CODE = YES;
				CLANG_WARN__DUPLICATE_METHOD_MATCH = YES;
				CODE_SIGN_IDENTITY = "iPhone Developer";
				COPY_PHASE_STRIP = NO;
				DEBUG_INFORMATION_FORMAT = "dwarf-with-dsym";
				ENABLE_NS_ASSERTIONS = NO;
				ENABLE_STRICT_OBJC_MSGSEND = YES;
				GCC_C_LANGUAGE_STANDARD = gnu11;
				GCC_NO_COMMON_BLOCKS = YES;
				GCC_WARN_64_TO_32_BIT_CONVERSION = YES;
				GCC_WARN_ABOUT_RETURN_TYPE = YES_ERROR;
				GCC_WARN_UNDECLARED_SELECTOR = YES;
				GCC_WARN_UNINITIALIZED_AUTOS = YES_AGGRESSIVE;
				GCC_WARN_UNUSED_FUNCTION = YES;
				GCC_WARN_UNUSED_VARIABLE = YES;
				IPHONEOS_DEPLOYMENT_TARGET = 12.1;
				MTL_ENABLE_DEBUG_INFO = NO;
				MTL_FAST_MATH = YES;
				SDKROOT = iphoneos;
				SWIFT_COMPILATION_MODE = wholemodule;
				SWIFT_OPTIMIZATION_LEVEL = "-O";
				VALIDATE_PRODUCT = YES;
			};
			name = Release;
		};
		6839D8F1228DA927002C1135 /* Debug */ = {
			isa = XCBuildConfiguration;
			baseConfigurationReference = B0435002116046C88BEC2AF2 /* Pods-JustGo-iOS.debug.xcconfig */;
			buildSettings = {
				ASSETCATALOG_COMPILER_APPICON_NAME = AppIcon;
				CODE_SIGN_STYLE = Automatic;
				DEVELOPMENT_TEAM = SSZ5VFB95C;
				INFOPLIST_FILE = "JustGo-iOS/Info.plist";
				LD_RUNPATH_SEARCH_PATHS = (
					"$(inherited)",
					"@executable_path/Frameworks",
				);
				PRODUCT_BUNDLE_IDENTIFIER = "com.woopa.JustGo-iOS";
				PRODUCT_NAME = "$(TARGET_NAME)";
				SWIFT_VERSION = 4.2;
				TARGETED_DEVICE_FAMILY = "1,2";
			};
			name = Debug;
		};
		6839D8F2228DA927002C1135 /* Release */ = {
			isa = XCBuildConfiguration;
			baseConfigurationReference = 64FAC38B0226B4185BAF3330 /* Pods-JustGo-iOS.release.xcconfig */;
			buildSettings = {
				ASSETCATALOG_COMPILER_APPICON_NAME = AppIcon;
				CODE_SIGN_STYLE = Automatic;
				DEVELOPMENT_TEAM = SSZ5VFB95C;
				INFOPLIST_FILE = "JustGo-iOS/Info.plist";
				LD_RUNPATH_SEARCH_PATHS = (
					"$(inherited)",
					"@executable_path/Frameworks",
				);
				PRODUCT_BUNDLE_IDENTIFIER = "com.woopa.JustGo-iOS";
				PRODUCT_NAME = "$(TARGET_NAME)";
				SWIFT_VERSION = 4.2;
				TARGETED_DEVICE_FAMILY = "1,2";
			};
			name = Release;
		};
		6839D8F4228DA927002C1135 /* Debug */ = {
			isa = XCBuildConfiguration;
			baseConfigurationReference = F87BCFBB1B0982A3304B0CEC /* Pods-JustGo-iOSTests.debug.xcconfig */;
			buildSettings = {
				ALWAYS_EMBED_SWIFT_STANDARD_LIBRARIES = YES;
				BUNDLE_LOADER = "$(TEST_HOST)";
				CODE_SIGN_STYLE = Automatic;
				DEVELOPMENT_TEAM = SSZ5VFB95C;
				INFOPLIST_FILE = "JustGo-iOSTests/Info.plist";
				LD_RUNPATH_SEARCH_PATHS = (
					"$(inherited)",
					"@executable_path/Frameworks",
					"@loader_path/Frameworks",
				);
				PRODUCT_BUNDLE_IDENTIFIER = "com.woopa.JustGo-iOSTests";
				PRODUCT_NAME = "$(TARGET_NAME)";
				SWIFT_VERSION = 4.2;
				TARGETED_DEVICE_FAMILY = "1,2";
				TEST_HOST = "$(BUILT_PRODUCTS_DIR)/JustGo-iOS.app/JustGo-iOS";
			};
			name = Debug;
		};
		6839D8F5228DA927002C1135 /* Release */ = {
			isa = XCBuildConfiguration;
			baseConfigurationReference = 59DA12331F5C310D58E2A400 /* Pods-JustGo-iOSTests.release.xcconfig */;
			buildSettings = {
				ALWAYS_EMBED_SWIFT_STANDARD_LIBRARIES = YES;
				BUNDLE_LOADER = "$(TEST_HOST)";
				CODE_SIGN_STYLE = Automatic;
				DEVELOPMENT_TEAM = SSZ5VFB95C;
				INFOPLIST_FILE = "JustGo-iOSTests/Info.plist";
				LD_RUNPATH_SEARCH_PATHS = (
					"$(inherited)",
					"@executable_path/Frameworks",
					"@loader_path/Frameworks",
				);
				PRODUCT_BUNDLE_IDENTIFIER = "com.woopa.JustGo-iOSTests";
				PRODUCT_NAME = "$(TARGET_NAME)";
				SWIFT_VERSION = 4.2;
				TARGETED_DEVICE_FAMILY = "1,2";
				TEST_HOST = "$(BUILT_PRODUCTS_DIR)/JustGo-iOS.app/JustGo-iOS";
			};
			name = Release;
		};
		6839D8F7228DA927002C1135 /* Debug */ = {
			isa = XCBuildConfiguration;
			baseConfigurationReference = 1567C423B384A84953406AB5 /* Pods-JustGo-iOSUITests.debug.xcconfig */;
			buildSettings = {
				ALWAYS_EMBED_SWIFT_STANDARD_LIBRARIES = YES;
				CODE_SIGN_STYLE = Automatic;
				DEVELOPMENT_TEAM = SSZ5VFB95C;
				INFOPLIST_FILE = "JustGo-iOSUITests/Info.plist";
				LD_RUNPATH_SEARCH_PATHS = (
					"$(inherited)",
					"@executable_path/Frameworks",
					"@loader_path/Frameworks",
				);
				PRODUCT_BUNDLE_IDENTIFIER = "com.woopa.JustGo-iOSUITests";
				PRODUCT_NAME = "$(TARGET_NAME)";
				SWIFT_VERSION = 4.2;
				TARGETED_DEVICE_FAMILY = "1,2";
				TEST_TARGET_NAME = "JustGo-iOS";
			};
			name = Debug;
		};
		6839D8F8228DA927002C1135 /* Release */ = {
			isa = XCBuildConfiguration;
			baseConfigurationReference = DCD32BBDE57AB730515A8BDD /* Pods-JustGo-iOSUITests.release.xcconfig */;
			buildSettings = {
				ALWAYS_EMBED_SWIFT_STANDARD_LIBRARIES = YES;
				CODE_SIGN_STYLE = Automatic;
				DEVELOPMENT_TEAM = SSZ5VFB95C;
				INFOPLIST_FILE = "JustGo-iOSUITests/Info.plist";
				LD_RUNPATH_SEARCH_PATHS = (
					"$(inherited)",
					"@executable_path/Frameworks",
					"@loader_path/Frameworks",
				);
				PRODUCT_BUNDLE_IDENTIFIER = "com.woopa.JustGo-iOSUITests";
				PRODUCT_NAME = "$(TARGET_NAME)";
				SWIFT_VERSION = 4.2;
				TARGETED_DEVICE_FAMILY = "1,2";
				TEST_TARGET_NAME = "JustGo-iOS";
			};
			name = Release;
		};
/* End XCBuildConfiguration section */

/* Begin XCConfigurationList section */
		6839D8C0228DA924002C1135 /* Build configuration list for PBXProject "JustGo-iOS" */ = {
			isa = XCConfigurationList;
			buildConfigurations = (
				6839D8EE228DA927002C1135 /* Debug */,
				6839D8EF228DA927002C1135 /* Release */,
			);
			defaultConfigurationIsVisible = 0;
			defaultConfigurationName = Release;
		};
		6839D8F0228DA927002C1135 /* Build configuration list for PBXNativeTarget "JustGo-iOS" */ = {
			isa = XCConfigurationList;
			buildConfigurations = (
				6839D8F1228DA927002C1135 /* Debug */,
				6839D8F2228DA927002C1135 /* Release */,
			);
			defaultConfigurationIsVisible = 0;
			defaultConfigurationName = Release;
		};
		6839D8F3228DA927002C1135 /* Build configuration list for PBXNativeTarget "JustGo-iOSTests" */ = {
			isa = XCConfigurationList;
			buildConfigurations = (
				6839D8F4228DA927002C1135 /* Debug */,
				6839D8F5228DA927002C1135 /* Release */,
			);
			defaultConfigurationIsVisible = 0;
			defaultConfigurationName = Release;
		};
		6839D8F6228DA927002C1135 /* Build configuration list for PBXNativeTarget "JustGo-iOSUITests" */ = {
			isa = XCConfigurationList;
			buildConfigurations = (
				6839D8F7228DA927002C1135 /* Debug */,
				6839D8F8228DA927002C1135 /* Release */,
			);
			defaultConfigurationIsVisible = 0;
			defaultConfigurationName = Release;
		};
/* End XCConfigurationList section */

/* Begin XCVersionGroup section */
		6839D8CF228DA924002C1135 /* JustGo_iOS.xcdatamodeld */ = {
			isa = XCVersionGroup;
			children = (
				6839D8D0228DA924002C1135 /* JustGo_iOS.xcdatamodel */,
			);
			currentVersion = 6839D8D0228DA924002C1135 /* JustGo_iOS.xcdatamodel */;
			path = JustGo_iOS.xcdatamodeld;
			sourceTree = "<group>";
			versionGroupType = wrapper.xcdatamodel;
		};
/* End XCVersionGroup section */
	};
	rootObject = 6839D8BD228DA924002C1135 /* Project object */;
}
